{
  "sources": {
    "apt": {
      "locked_version": "2.3.8"
    },
    "chriskottom_precise64": {
      "path": "./cookbooks/chriskottom_precise64"
    },
    "rbenv": {
      "locked_version": "0.7.2",
      "git": "git://github.com/fnichol/chef-rbenv.git",
      "ref": "f2b53292e810dd2b43f6121f9958f5f29979dcb1"
    },
    "ruby_build": {
      "locked_version": "0.8.0"
    },
    "java": {
      "locked_version": "1.22.0"
    }
  }
}
